github.com/wthorp/gosh v0.0.0-20201221153130-c33826babb39 h1:UPOzkehc/xFXL72PeKg4I5ACm4wq/1nrCiHw8BotfOs=
github.com/wthorp/gosh v0.0.0-20201221153130-c33826babb39/go.mod h1:8SUwtSMxyp5PFaKxuesZzHFKK+bAfGQnxOXY9Y8ZjBw=
github.com/wthorp/gosh v0.0.0-20201227205056-e68c86e0eb0f h1:d9j1xHe5ZgVuZLYk9oW12IAnGx6VhQYw0byBGEQZLXI=
github.com/wthorp/gosh v0.0.0-20201227205056-e68c86e0eb0f/go.mod h1:8SUwtSMxyp5PFaKxuesZzHFKK+bAfGQnxOXY9Y8ZjBw=
github.com/wthorp/gosh v0.0.0-20201227211608-9a322b7d3a3e h1:APKcNUw8PyGarPJyEttlvw3D+zgCdnFQ8c7fg/QtZjc=
github.com/wthorp/gosh v0.0.0-20201227211608-9a322b7d3a3e/go.mod h1:8SUwtSMxyp5PFaKxuesZzHFKK+bAfGQnxOXY9Y8ZjBw=
